
Microsoft Visual Studio Solution File, Format Version 12.00
# Visual Studio 2012
Project("{8BC9CEB8-8B4A-11D0-8D11-00A0C91BC942}") = "myTutorialD3D11", "myTutorialD3D11\myTutorialD3D11.vcxproj", "{B7C93FDE-AF54-43A7-8F57-8428A646E6F1}"
EndProject
Project("{8BC9CEB8-8B4A-11D0-8D11-00A0C91BC942}") = "myTutorialD3D11_1", "myTutorialD3D11_1\myTutorialD3D11_1.vcxproj", "{0790ABC5-C890-4CAC-AA8D-3937C9029508}"
EndProject
Global
	GlobalSection(SolutionConfigurationPlatforms) = preSolution
		Debug|Win32 = Debug|Win32
		Release|Win32 = Release|Win32
	EndGlobalSection
	GlobalSection(ProjectConfigurationPlatforms) = postSolution
		{B7C93FDE-AF54-43A7-8F57-8428A646E6F1}.Debug|Win32.ActiveCfg = Debug|Win32
		{B7C93FDE-AF54-43A7-8F57-8428A646E6F1}.Debug|Win32.Build.0 = Debug|Win32
		{B7C93FDE-AF54-43A7-8F57-8428A646E6F1}.Release|Win32.ActiveCfg = Release|Win32
		{B7C93FDE-AF54-43A7-8F57-8428A646E6F1}.Release|Win32.Build.0 = Release|Win32
		{0790ABC5-C890-4CAC-AA8D-3937C9029508}.Debug|Win32.ActiveCfg = Debug|Win32
		{0790ABC5-C890-4CAC-AA8D-3937C9029508}.Debug|Win32.Build.0 = Debug|Win32
		{0790ABC5-C890-4CAC-AA8D-3937C9029508}.Release|Win32.ActiveCfg = Release|Win32
		{0790ABC5-C890-4CAC-AA8D-3937C9029508}.Release|Win32.Build.0 = Release|Win32
	EndGlobalSection
	GlobalSection(SolutionProperties) = preSolution
		HideSolutionNode = FALSE
	EndGlobalSection
EndGlobal
